// !$*UTF8*$!
{
	archiveVersion = 1;
	classes = {
	};
	objectVersion = 56;
	objects = {

/* Begin PBXBuildFile section */
		C10C37D2292A3C90007E0C86 /* AppDelegate.swift in Sources */ = {isa = PBXBuildFile; fileRef = C10C37D1292A3C90007E0C86 /* AppDelegate.swift */; };
		C10C37D4292A3C90007E0C86 /* SceneDelegate.swift in Sources */ = {isa = PBXBuildFile; fileRef = C10C37D3292A3C90007E0C86 /* SceneDelegate.swift */; };
		C10C37D6292A3C90007E0C86 /* ListViewController.swift in Sources */ = {isa = PBXBuildFile; fileRef = C10C37D5292A3C90007E0C86 /* ListViewController.swift */; };
		C10C37D9292A3C90007E0C86 /* Main.storyboard in Resources */ = {isa = PBXBuildFile; fileRef = C10C37D7292A3C90007E0C86 /* Main.storyboard */; };
		C10C37DC292A3C90007E0C86 /* coredatasample.xcdatamodeld in Sources */ = {isa = PBXBuildFile; fileRef = C10C37DA292A3C90007E0C86 /* coredatasample.xcdatamodeld */; };
		C10C37DE292A3C92007E0C86 /* Assets.xcassets in Resources */ = {isa = PBXBuildFile; fileRef = C10C37DD292A3C92007E0C86 /* Assets.xcassets */; };
		C10C37E1292A3C92007E0C86 /* LaunchScreen.storyboard in Resources */ = {isa = PBXBuildFile; fileRef = C10C37DF292A3C92007E0C86 /* LaunchScreen.storyboard */; };
		C1331F5F2932819800C50705 /* CoreDataManager.swift in Sources */ = {isa = PBXBuildFile; fileRef = C1331F5E2932819800C50705 /* CoreDataManager.swift */; };
		C1331F642932855300C50705 /* CryptoDTO.swift in Sources */ = {isa = PBXBuildFile; fileRef = C1331F632932855300C50705 /* CryptoDTO.swift */; };
		C1331F682932859200C50705 /* Crypto.swift in Sources */ = {isa = PBXBuildFile; fileRef = C1331F672932859200C50705 /* Crypto.swift */; };
		C1331F6E293288F500C50705 /* ListBuilder.swift in Sources */ = {isa = PBXBuildFile; fileRef = C1331F6D293288F500C50705 /* ListBuilder.swift */; };
		C1331F702932896200C50705 /* ListProtocols.swift in Sources */ = {isa = PBXBuildFile; fileRef = C1331F6F2932896200C50705 /* ListProtocols.swift */; };
		C1331F722932897D00C50705 /* ListRouter.swift in Sources */ = {isa = PBXBuildFile; fileRef = C1331F712932897D00C50705 /* ListRouter.swift */; };
		C1331F7429328A4800C50705 /* ListViewModel.swift in Sources */ = {isa = PBXBuildFile; fileRef = C1331F7329328A4800C50705 /* ListViewModel.swift */; };
		C1331F7729328B1500C50705 /* CryptoUseCase.swift in Sources */ = {isa = PBXBuildFile; fileRef = C1331F7629328B1500C50705 /* CryptoUseCase.swift */; };
		C1331F7A29328BA800C50705 /* CryptoRepository.swift in Sources */ = {isa = PBXBuildFile; fileRef = C1331F7929328BA800C50705 /* CryptoRepository.swift */; };
		C1331F7D29328ECF00C50705 /* Container.swift in Sources */ = {isa = PBXBuildFile; fileRef = C1331F7C29328ECF00C50705 /* Container.swift */; };
		C1331F812932B0BC00C50705 /* CryptoCell.swift in Sources */ = {isa = PBXBuildFile; fileRef = C1331F7F2932B0BC00C50705 /* CryptoCell.swift */; };
		C1331F822932B0BC00C50705 /* CryptoCell.xib in Resources */ = {isa = PBXBuildFile; fileRef = C1331F802932B0BC00C50705 /* CryptoCell.xib */; };
		C1331F842932B2BB00C50705 /* DataResponseDTO.swift in Sources */ = {isa = PBXBuildFile; fileRef = C1331F832932B2BB00C50705 /* DataResponseDTO.swift */; };
		C1331F872932C14900C50705 /* CryptoNetworkClient.swift in Sources */ = {isa = PBXBuildFile; fileRef = C1331F862932C14900C50705 /* CryptoNetworkClient.swift */; };
		C1331F892932C5D300C50705 /* CryptoDM.swift in Sources */ = {isa = PBXBuildFile; fileRef = C1331F882932C5D300C50705 /* CryptoDM.swift */; };
/* End PBXBuildFile section */

/* Begin PBXFileReference section */
		C10C37CE292A3C90007E0C86 /* coredatasample.app */ = {isa = PBXFileReference; explicitFileType = wrapper.application; includeInIndex = 0; path = coredatasample.app; sourceTree = BUILT_PRODUCTS_DIR; };
		C10C37D1292A3C90007E0C86 /* AppDelegate.swift */ = {isa = PBXFileReference; lastKnownFileType = sourcecode.swift; path = AppDelegate.swift; sourceTree = "<group>"; };
		C10C37D3292A3C90007E0C86 /* SceneDelegate.swift */ = {isa = PBXFileReference; lastKnownFileType = sourcecode.swift; path = SceneDelegate.swift; sourceTree = "<group>"; };
		C10C37D5292A3C90007E0C86 /* ListViewController.swift */ = {isa = PBXFileReference; lastKnownFileType = sourcecode.swift; path = ListViewController.swift; sourceTree = "<group>"; };
		C10C37D8292A3C90007E0C86 /* Base */ = {isa = PBXFileReference; lastKnownFileType = file.storyboard; name = Base; path = Base.lproj/Main.storyboard; sourceTree = "<group>"; };
		C10C37DB292A3C90007E0C86 /* coredatasample.xcdatamodel */ = {isa = PBXFileReference; lastKnownFileType = wrapper.xcdatamodel; path = coredatasample.xcdatamodel; sourceTree = "<group>"; };
		C10C37DD292A3C92007E0C86 /* Assets.xcassets */ = {isa = PBXFileReference; lastKnownFileType = folder.assetcatalog; path = Assets.xcassets; sourceTree = "<group>"; };
		C10C37E0292A3C92007E0C86 /* Base */ = {isa = PBXFileReference; lastKnownFileType = file.storyboard; name = Base; path = Base.lproj/LaunchScreen.storyboard; sourceTree = "<group>"; };
		C10C37E2292A3C92007E0C86 /* Info.plist */ = {isa = PBXFileReference; lastKnownFileType = text.plist.xml; path = Info.plist; sourceTree = "<group>"; };
		C1331F5E2932819800C50705 /* CoreDataManager.swift */ = {isa = PBXFileReference; lastKnownFileType = sourcecode.swift; path = CoreDataManager.swift; sourceTree = "<group>"; };
		C1331F632932855300C50705 /* CryptoDTO.swift */ = {isa = PBXFileReference; lastKnownFileType = sourcecode.swift; path = CryptoDTO.swift; sourceTree = "<group>"; };
		C1331F672932859200C50705 /* Crypto.swift */ = {isa = PBXFileReference; lastKnownFileType = sourcecode.swift; path = Crypto.swift; sourceTree = "<group>"; };
		C1331F6D293288F500C50705 /* ListBuilder.swift */ = {isa = PBXFileReference; lastKnownFileType = sourcecode.swift; path = ListBuilder.swift; sourceTree = "<group>"; };
		C1331F6F2932896200C50705 /* ListProtocols.swift */ = {isa = PBXFileReference; lastKnownFileType = sourcecode.swift; path = ListProtocols.swift; sourceTree = "<group>"; };
		C1331F712932897D00C50705 /* ListRouter.swift */ = {isa = PBXFileReference; lastKnownFileType = sourcecode.swift; path = ListRouter.swift; sourceTree = "<group>"; };
		C1331F7329328A4800C50705 /* ListViewModel.swift */ = {isa = PBXFileReference; lastKnownFileType = sourcecode.swift; path = ListViewModel.swift; sourceTree = "<group>"; };
		C1331F7629328B1500C50705 /* CryptoUseCase.swift */ = {isa = PBXFileReference; lastKnownFileType = sourcecode.swift; path = CryptoUseCase.swift; sourceTree = "<group>"; };
		C1331F7929328BA800C50705 /* CryptoRepository.swift */ = {isa = PBXFileReference; lastKnownFileType = sourcecode.swift; path = CryptoRepository.swift; sourceTree = "<group>"; };
		C1331F7C29328ECF00C50705 /* Container.swift */ = {isa = PBXFileReference; lastKnownFileType = sourcecode.swift; path = Container.swift; sourceTree = "<group>"; };
		C1331F7F2932B0BC00C50705 /* CryptoCell.swift */ = {isa = PBXFileReference; lastKnownFileType = sourcecode.swift; path = CryptoCell.swift; sourceTree = "<group>"; };
		C1331F802932B0BC00C50705 /* CryptoCell.xib */ = {isa = PBXFileReference; lastKnownFileType = file.xib; path = CryptoCell.xib; sourceTree = "<group>"; };
		C1331F832932B2BB00C50705 /* DataResponseDTO.swift */ = {isa = PBXFileReference; lastKnownFileType = sourcecode.swift; path = DataResponseDTO.swift; sourceTree = "<group>"; };
		C1331F862932C14900C50705 /* CryptoNetworkClient.swift */ = {isa = PBXFileReference; lastKnownFileType = sourcecode.swift; path = CryptoNetworkClient.swift; sourceTree = "<group>"; };
		C1331F882932C5D300C50705 /* CryptoDM.swift */ = {isa = PBXFileReference; lastKnownFileType = sourcecode.swift; path = CryptoDM.swift; sourceTree = "<group>"; };
/* End PBXFileReference section */

/* Begin PBXFrameworksBuildPhase section */
		C10C37CB292A3C90007E0C86 /* Frameworks */ = {
			isa = PBXFrameworksBuildPhase;
			buildActionMask = 2147483647;
			files = (
			);
			runOnlyForDeploymentPostprocessing = 0;
		};
/* End PBXFrameworksBuildPhase section */

/* Begin PBXGroup section */
		C10C37C5292A3C90007E0C86 = {
			isa = PBXGroup;
			children = (
				C10C37D0292A3C90007E0C86 /* coredatasample */,
				C10C37CF292A3C90007E0C86 /* Products */,
			);
			sourceTree = "<group>";
		};
		C10C37CF292A3C90007E0C86 /* Products */ = {
			isa = PBXGroup;
			children = (
				C10C37CE292A3C90007E0C86 /* coredatasample.app */,
			);
			name = Products;
			sourceTree = "<group>";
		};
		C10C37D0292A3C90007E0C86 /* coredatasample */ = {
			isa = PBXGroup;
			children = (
				C1331F60293284F300C50705 /* CoreData */,
				C1331F7B29328EC200C50705 /* DI */,
				C1331F612932852E00C50705 /* Data */,
				C1331F652932857D00C50705 /* Domain */,
				C1331F69293288B200C50705 /* Presentation */,
				C10C37DD292A3C92007E0C86 /* Assets.xcassets */,
				C10C37DF292A3C92007E0C86 /* LaunchScreen.storyboard */,
				C10C37E2292A3C92007E0C86 /* Info.plist */,
			);
			path = coredatasample;
			sourceTree = "<group>";
		};
		C1331F60293284F300C50705 /* CoreData */ = {
			isa = PBXGroup;
			children = (
				C10C37DA292A3C90007E0C86 /* coredatasample.xcdatamodeld */,
				C1331F5E2932819800C50705 /* CoreDataManager.swift */,
				C1331F882932C5D300C50705 /* CryptoDM.swift */,
			);
			path = CoreData;
			sourceTree = "<group>";
		};
		C1331F612932852E00C50705 /* Data */ = {
			isa = PBXGroup;
			children = (
				C1331F852932C12400C50705 /* Network */,
				C1331F7829328B9800C50705 /* Repository */,
				C1331F622932853700C50705 /* DTO */,
			);
			path = Data;
			sourceTree = "<group>";
		};
		C1331F622932853700C50705 /* DTO */ = {
			isa = PBXGroup;
			children = (
				C1331F632932855300C50705 /* CryptoDTO.swift */,
				C1331F832932B2BB00C50705 /* DataResponseDTO.swift */,
			);
			path = DTO;
			sourceTree = "<group>";
		};
		C1331F652932857D00C50705 /* Domain */ = {
			isa = PBXGroup;
			children = (
				C1331F7529328B0700C50705 /* UseCase */,
				C1331F662932858300C50705 /* Entity */,
			);
			path = Domain;
			sourceTree = "<group>";
		};
		C1331F662932858300C50705 /* Entity */ = {
			isa = PBXGroup;
			children = (
				C1331F672932859200C50705 /* Crypto.swift */,
			);
			path = Entity;
			sourceTree = "<group>";
		};
		C1331F69293288B200C50705 /* Presentation */ = {
			isa = PBXGroup;
			children = (
				C1331F6A293288BB00C50705 /* App */,
				C1331F6B293288C700C50705 /* Modules */,
			);
			path = Presentation;
			sourceTree = "<group>";
		};
		C1331F6A293288BB00C50705 /* App */ = {
			isa = PBXGroup;
			children = (
				C10C37D1292A3C90007E0C86 /* AppDelegate.swift */,
				C10C37D3292A3C90007E0C86 /* SceneDelegate.swift */,
			);
			path = App;
			sourceTree = "<group>";
		};
		C1331F6B293288C700C50705 /* Modules */ = {
			isa = PBXGroup;
			children = (
				C1331F6C293288DD00C50705 /* List */,
			);
			path = Modules;
			sourceTree = "<group>";
		};
		C1331F6C293288DD00C50705 /* List */ = {
			isa = PBXGroup;
			children = (
				C1331F7E2932B0A700C50705 /* Cell */,
				C1331F6D293288F500C50705 /* ListBuilder.swift */,
				C1331F6F2932896200C50705 /* ListProtocols.swift */,
				C1331F712932897D00C50705 /* ListRouter.swift */,
				C1331F7329328A4800C50705 /* ListViewModel.swift */,
				C10C37D5292A3C90007E0C86 /* ListViewController.swift */,
				C10C37D7292A3C90007E0C86 /* Main.storyboard */,
			);
			path = List;
			sourceTree = "<group>";
		};
		C1331F7529328B0700C50705 /* UseCase */ = {
			isa = PBXGroup;
			children = (
				C1331F7629328B1500C50705 /* CryptoUseCase.swift */,
			);
			path = UseCase;
			sourceTree = "<group>";
		};
		C1331F7829328B9800C50705 /* Repository */ = {
			isa = PBXGroup;
			children = (
				C1331F7929328BA800C50705 /* CryptoRepository.swift */,
			);
			path = Repository;
			sourceTree = "<group>";
		};
		C1331F7B29328EC200C50705 /* DI */ = {
			isa = PBXGroup;
			children = (
				C1331F7C29328ECF00C50705 /* Container.swift */,
			);
			path = DI;
			sourceTree = "<group>";
		};
		C1331F7E2932B0A700C50705 /* Cell */ = {
			isa = PBXGroup;
			children = (
				C1331F7F2932B0BC00C50705 /* CryptoCell.swift */,
				C1331F802932B0BC00C50705 /* CryptoCell.xib */,
			);
			path = Cell;
			sourceTree = "<group>";
		};
		C1331F852932C12400C50705 /* Network */ = {
			isa = PBXGroup;
			children = (
				C1331F862932C14900C50705 /* CryptoNetworkClient.swift */,
			);
			path = Network;
			sourceTree = "<group>";
		};
/* End PBXGroup section */

/* Begin PBXNativeTarget section */
		C10C37CD292A3C90007E0C86 /* coredatasample */ = {
			isa = PBXNativeTarget;
			buildConfigurationList = C10C37E5292A3C92007E0C86 /* Build configuration list for PBXNativeTarget "coredatasample" */;
			buildPhases = (
				C10C37CA292A3C90007E0C86 /* Sources */,
				C10C37CB292A3C90007E0C86 /* Frameworks */,
				C10C37CC292A3C90007E0C86 /* Resources */,
			);
			buildRules = (
			);
			dependencies = (
			);
			name = coredatasample;
			productName = coredatasample;
			productReference = C10C37CE292A3C90007E0C86 /* coredatasample.app */;
			productType = "com.apple.product-type.application";
		};
/* End PBXNativeTarget section */

/* Begin PBXProject section */
		C10C37C6292A3C90007E0C86 /* Project object */ = {
			isa = PBXProject;
			attributes = {
				BuildIndependentTargetsInParallel = 1;
				LastSwiftUpdateCheck = 1410;
				LastUpgradeCheck = 1410;
				TargetAttributes = {
					C10C37CD292A3C90007E0C86 = {
						CreatedOnToolsVersion = 14.1;
					};
				};
			};
			buildConfigurationList = C10C37C9292A3C90007E0C86 /* Build configuration list for PBXProject "coredatasample" */;
			compatibilityVersion = "Xcode 14.0";
			developmentRegion = en;
			hasScannedForEncodings = 0;
			knownRegions = (
				en,
				Base,
			);
			mainGroup = C10C37C5292A3C90007E0C86;
			productRefGroup = C10C37CF292A3C90007E0C86 /* Products */;
			projectDirPath = "";
			projectRoot = "";
			targets = (
				C10C37CD292A3C90007E0C86 /* coredatasample */,
			);
		};
/* End PBXProject section */

/* Begin PBXResourcesBuildPhase section */
		C10C37CC292A3C90007E0C86 /* Resources */ = {
			isa = PBXResourcesBuildPhase;
			buildActionMask = 2147483647;
			files = (
				C1331F822932B0BC00C50705 /* CryptoCell.xib in Resources */,
				C10C37E1292A3C92007E0C86 /* LaunchScreen.storyboard in Resources */,
				C10C37DE292A3C92007E0C86 /* Assets.xcassets in Resources */,
				C10C37D9292A3C90007E0C86 /* Main.storyboard in Resources */,
			);
			runOnlyForDeploymentPostprocessing = 0;
		};
/* End PBXResourcesBuildPhase section */

/* Begin PBXSourcesBuildPhase section */
		C10C37CA292A3C90007E0C86 /* Sources */ = {
			isa = PBXSourcesBuildPhase;
			buildActionMask = 2147483647;
			files = (
				C1331F842932B2BB00C50705 /* DataResponseDTO.swift in Sources */,
				C10C37DC292A3C90007E0C86 /* coredatasample.xcdatamodeld in Sources */,
				C10C37D6292A3C90007E0C86 /* ListViewController.swift in Sources */,
				C1331F872932C14900C50705 /* CryptoNetworkClient.swift in Sources */,
				C1331F812932B0BC00C50705 /* CryptoCell.swift in Sources */,
				C1331F7A29328BA800C50705 /* CryptoRepository.swift in Sources */,
				C10C37D2292A3C90007E0C86 /* AppDelegate.swift in Sources */,
				C1331F5F2932819800C50705 /* CoreDataManager.swift in Sources */,
				C1331F642932855300C50705 /* CryptoDTO.swift in Sources */,
				C1331F682932859200C50705 /* Crypto.swift in Sources */,
				C1331F6E293288F500C50705 /* ListBuilder.swift in Sources */,
				C10C37D4292A3C90007E0C86 /* SceneDelegate.swift in Sources */,
				C1331F7729328B1500C50705 /* CryptoUseCase.swift in Sources */,
				C1331F892932C5D300C50705 /* CryptoDM.swift in Sources */,
				C1331F722932897D00C50705 /* ListRouter.swift in Sources */,
				C1331F7D29328ECF00C50705 /* Container.swift in Sources */,
				C1331F702932896200C50705 /* ListProtocols.swift in Sources */,
				C1331F7429328A4800C50705 /* ListViewModel.swift in Sources */,
			);
			runOnlyForDeploymentPostprocessing = 0;
		};
/* End PBXSourcesBuildPhase section */

/* Begin PBXVariantGroup section */
		C10C37D7292A3C90007E0C86 /* Main.storyboard */ = {
			isa = PBXVariantGroup;
			children = (
				C10C37D8292A3C90007E0C86 /* Base */,
			);
			name = Main.storyboard;
			sourceTree = "<group>";
		};
		C10C37DF292A3C92007E0C86 /* LaunchScreen.storyboard */ = {
			isa = PBXVariantGroup;
			children = (
				C10C37E0292A3C92007E0C86 /* Base */,
			);
			name = LaunchScreen.storyboard;
			sourceTree = "<group>";
		};
/* End PBXVariantGroup section */

/* Begin XCBuildConfiguration section */
		C10C37E3292A3C92007E0C86 /* Debug */ = {
			isa = XCBuildConfiguration;
			buildSettings = {
				ALWAYS_SEARCH_USER_PATHS = NO;
				CLANG_ANALYZER_NONNULL = YES;
				CLANG_ANALYZER_NUMBER_OBJECT_CONVERSION = YES_AGGRESSIVE;
				CLANG_CXX_LANGUAGE_STANDARD = "gnu++20";
				CLANG_ENABLE_MODULES = YES;
				CLANG_ENABLE_OBJC_ARC = YES;
				CLANG_ENABLE_OBJC_WEAK = YES;
				CLANG_WARN_BLOCK_CAPTURE_AUTORELEASING = YES;
				CLANG_WARN_BOOL_CONVERSION = YES;
				CLANG_WARN_COMMA = YES;
				CLANG_WARN_CONSTANT_CONVERSION = YES;
				CLANG_WARN_DEPRECATED_OBJC_IMPLEMENTATIONS = YES;
				CLANG_WARN_DIRECT_OBJC_ISA_USAGE = YES_ERROR;
				CLANG_WARN_DOCUMENTATION_COMMENTS = YES;
				CLANG_WARN_EMPTY_BODY = YES;
				CLANG_WARN_ENUM_CONVERSION = YES;
				CLANG_WARN_INFINITE_RECURSION = YES;
				CLANG_WARN_INT_CONVERSION = YES;
				CLANG_WARN_NON_LITERAL_NULL_CONVERSION = YES;
				CLANG_WARN_OBJC_IMPLICIT_RETAIN_SELF = YES;
				CLANG_WARN_OBJC_LITERAL_CONVERSION = YES;
				CLANG_WARN_OBJC_ROOT_CLASS = YES_ERROR;
				CLANG_WARN_QUOTED_INCLUDE_IN_FRAMEWORK_HEADER = YES;
				CLANG_WARN_RANGE_LOOP_ANALYSIS = YES;
				CLANG_WARN_STRICT_PROTOTYPES = YES;
				CLANG_WARN_SUSPICIOUS_MOVE = YES;
				CLANG_WARN_UNGUARDED_AVAILABILITY = YES_AGGRESSIVE;
				CLANG_WARN_UNREACHABLE_CODE = YES;
				CLANG_WARN__DUPLICATE_METHOD_MATCH = YES;
				COPY_PHASE_STRIP = NO;
				DEBUG_INFORMATION_FORMAT = dwarf;
				ENABLE_STRICT_OBJC_MSGSEND = YES;
				ENABLE_TESTABILITY = YES;
				GCC_C_LANGUAGE_STANDARD = gnu11;
				GCC_DYNAMIC_NO_PIC = NO;
				GCC_NO_COMMON_BLOCKS = YES;
				GCC_OPTIMIZATION_LEVEL = 0;
				GCC_PREPROCESSOR_DEFINITIONS = (
					"DEBUG=1",
					"$(inherited)",
				);
				GCC_WARN_64_TO_32_BIT_CONVERSION = YES;
				GCC_WARN_ABOUT_RETURN_TYPE = YES_ERROR;
				GCC_WARN_UNDECLARED_SELECTOR = YES;
				GCC_WARN_UNINITIALIZED_AUTOS = YES_AGGRESSIVE;
				GCC_WARN_UNUSED_FUNCTION = YES;
				GCC_WARN_UNUSED_VARIABLE = YES;
				IPHONEOS_DEPLOYMENT_TARGET = 16.1;
				MTL_ENABLE_DEBUG_INFO = INCLUDE_SOURCE;
				MTL_FAST_MATH = YES;
				ONLY_ACTIVE_ARCH = YES;
				SDKROOT = iphoneos;
				SWIFT_ACTIVE_COMPILATION_CONDITIONS = DEBUG;
				SWIFT_OPTIMIZATION_LEVEL = "-Onone";
			};
			name = Debug;
		};
		C10C37E4292A3C92007E0C86 /* Release */ = {
			isa = XCBuildConfiguration;
			buildSettings = {
				ALWAYS_SEARCH_USER_PATHS = NO;
				CLANG_ANALYZER_NONNULL = YES;
				CLANG_ANALYZER_NUMBER_OBJECT_CONVERSION = YES_AGGRESSIVE;
				CLANG_CXX_LANGUAGE_STANDARD = "gnu++20";
				CLANG_ENABLE_MODULES = YES;
				CLANG_ENABLE_OBJC_ARC = YES;
				CLANG_ENABLE_OBJC_WEAK = YES;
				CLANG_WARN_BLOCK_CAPTURE_AUTORELEASING = YES;
				CLANG_WARN_BOOL_CONVERSION = YES;
				CLANG_WARN_COMMA = YES;
				CLANG_WARN_CONSTANT_CONVERSION = YES;
				CLANG_WARN_DEPRECATED_OBJC_IMPLEMENTATIONS = YES;
				CLANG_WARN_DIRECT_OBJC_ISA_USAGE = YES_ERROR;
				CLANG_WARN_DOCUMENTATION_COMMENTS = YES;
				CLANG_WARN_EMPTY_BODY = YES;
				CLANG_WARN_ENUM_CONVERSION = YES;
				CLANG_WARN_INFINITE_RECURSION = YES;
				CLANG_WARN_INT_CONVERSION = YES;
				CLANG_WARN_NON_LITERAL_NULL_CONVERSION = YES;
				CLANG_WARN_OBJC_IMPLICIT_RETAIN_SELF = YES;
				CLANG_WARN_OBJC_LITERAL_CONVERSION = YES;
				CLANG_WARN_OBJC_ROOT_CLASS = YES_ERROR;
				CLANG_WARN_QUOTED_INCLUDE_IN_FRAMEWORK_HEADER = YES;
				CLANG_WARN_RANGE_LOOP_ANALYSIS = YES;
				CLANG_WARN_STRICT_PROTOTYPES = YES;
				CLANG_WARN_SUSPICIOUS_MOVE = YES;
				CLANG_WARN_UNGUARDED_AVAILABILITY = YES_AGGRESSIVE;
				CLANG_WARN_UNREACHABLE_CODE = YES;
				CLANG_WARN__DUPLICATE_METHOD_MATCH = YES;
				COPY_PHASE_STRIP = NO;
				DEBUG_INFORMATION_FORMAT = "dwarf-with-dsym";
				ENABLE_NS_ASSERTIONS = NO;
				ENABLE_STRICT_OBJC_MSGSEND = YES;
				GCC_C_LANGUAGE_STANDARD = gnu11;
				GCC_NO_COMMON_BLOCKS = YES;
				GCC_WARN_64_TO_32_BIT_CONVERSION = YES;
				GCC_WARN_ABOUT_RETURN_TYPE = YES_ERROR;
				GCC_WARN_UNDECLARED_SELECTOR = YES;
				GCC_WARN_UNINITIALIZED_AUTOS = YES_AGGRESSIVE;
				GCC_WARN_UNUSED_FUNCTION = YES;
				GCC_WARN_UNUSED_VARIABLE = YES;
				IPHONEOS_DEPLOYMENT_TARGET = 16.1;
				MTL_ENABLE_DEBUG_INFO = NO;
				MTL_FAST_MATH = YES;
				SDKROOT = iphoneos;
				SWIFT_COMPILATION_MODE = wholemodule;
				SWIFT_OPTIMIZATION_LEVEL = "-O";
				VALIDATE_PRODUCT = YES;
			};
			name = Release;
		};
		C10C37E6292A3C92007E0C86 /* Debug */ = {
			isa = XCBuildConfiguration;
			buildSettings = {
				ASSETCATALOG_COMPILER_APPICON_NAME = AppIcon;
				ASSETCATALOG_COMPILER_GLOBAL_ACCENT_COLOR_NAME = AccentColor;
				CODE_SIGN_STYLE = Automatic;
				CURRENT_PROJECT_VERSION = 1;
				DEVELOPMENT_TEAM = R88CDNMKLQ;
				GENERATE_INFOPLIST_FILE = YES;
				INFOPLIST_FILE = coredatasample/Info.plist;
				INFOPLIST_KEY_UIApplicationSupportsIndirectInputEvents = YES;
				INFOPLIST_KEY_UILaunchStoryboardName = LaunchScreen;
				INFOPLIST_KEY_UIMainStoryboardFile = Main;
				INFOPLIST_KEY_UISupportedInterfaceOrientations_iPad = "UIInterfaceOrientationPortrait UIInterfaceOrientationPortraitUpsideDown UIInterfaceOrientationLandscapeLeft UIInterfaceOrientationLandscapeRight";
				INFOPLIST_KEY_UISupportedInterfaceOrientations_iPhone = "UIInterfaceOrientationPortrait UIInterfaceOrientationLandscapeLeft UIInterfaceOrientationLandscapeRight";
				LD_RUNPATH_SEARCH_PATHS = (
					"$(inherited)",
					"@executable_path/Frameworks",
				);
				MARKETING_VERSION = 1.0;
				PRODUCT_BUNDLE_IDENTIFIER = es.fernandosalom.coredatasample;
				PRODUCT_NAME = "$(TARGET_NAME)";
				SWIFT_EMIT_LOC_STRINGS = YES;
				SWIFT_VERSION = 5.0;
				TARGETED_DEVICE_FAMILY = "1,2";
			};
			name = Debug;
		};
		C10C37E7292A3C92007E0C86 /* Release */ = {
			isa = XCBuildConfiguration;
			buildSettings = {
				ASSETCATALOG_COMPILER_APPICON_NAME = AppIcon;
				ASSETCATALOG_COMPILER_GLOBAL_ACCENT_COLOR_NAME = AccentColor;
				CODE_SIGN_STYLE = Automatic;
				CURRENT_PROJECT_VERSION = 1;
				DEVELOPMENT_TEAM = R88CDNMKLQ;
				GENERATE_INFOPLIST_FILE = YES;
				INFOPLIST_FILE = coredatasample/Info.plist;
				INFOPLIST_KEY_UIApplicationSupportsIndirectInputEvents = YES;
				INFOPLIST_KEY_UILaunchStoryboardName = LaunchScreen;
				INFOPLIST_KEY_UIMainStoryboardFile = Main;
				INFOPLIST_KEY_UISupportedInterfaceOrientations_iPad = "UIInterfaceOrientationPortrait UIInterfaceOrientationPortraitUpsideDown UIInterfaceOrientationLandscapeLeft UIInterfaceOrientationLandscapeRight";
				INFOPLIST_KEY_UISupportedInterfaceOrientations_iPhone = "UIInterfaceOrientationPortrait UIInterfaceOrientationLandscapeLeft UIInterfaceOrientationLandscapeRight";
				LD_RUNPATH_SEARCH_PATHS = (
					"$(inherited)",
					"@executable_path/Frameworks",
				);
				MARKETING_VERSION = 1.0;
				PRODUCT_BUNDLE_IDENTIFIER = es.fernandosalom.coredatasample;
				PRODUCT_NAME = "$(TARGET_NAME)";
				SWIFT_EMIT_LOC_STRINGS = YES;
				SWIFT_VERSION = 5.0;
				TARGETED_DEVICE_FAMILY = "1,2";
			};
			name = Release;
		};
/* End XCBuildConfiguration section */

/* Begin XCConfigurationList section */
		C10C37C9292A3C90007E0C86 /* Build configuration list for PBXProject "coredatasample" */ = {
			isa = XCConfigurationList;
			buildConfigurations = (
				C10C37E3292A3C92007E0C86 /* Debug */,
				C10C37E4292A3C92007E0C86 /* Release */,
			);
			defaultConfigurationIsVisible = 0;
			defaultConfigurationName = Release;
		};
		C10C37E5292A3C92007E0C86 /* Build configuration list for PBXNativeTarget "coredatasample" */ = {
			isa = XCConfigurationList;
			buildConfigurations = (
				C10C37E6292A3C92007E0C86 /* Debug */,
				C10C37E7292A3C92007E0C86 /* Release */,
			);
			defaultConfigurationIsVisible = 0;
			defaultConfigurationName = Release;
		};
/* End XCConfigurationList section */

/* Begin XCVersionGroup section */
		C10C37DA292A3C90007E0C86 /* coredatasample.xcdatamodeld */ = {
			isa = XCVersionGroup;
			children = (
				C10C37DB292A3C90007E0C86 /* coredatasample.xcdatamodel */,
			);
			currentVersion = C10C37DB292A3C90007E0C86 /* coredatasample.xcdatamodel */;
			path = coredatasample.xcdatamodeld;
			sourceTree = "<group>";
			versionGroupType = wrapper.xcdatamodel;
		};
/* End XCVersionGroup section */
	};
	rootObject = C10C37C6292A3C90007E0C86 /* Project object */;
}
